{
  "name": "jsplumb_test",
  "version": "1.0.0",
  "lockfileVersion": 2,
  "requires": true,
  "packages": {
    "": {
      "name": "jsplumb_test",
      "version": "1.0.0",
      "license": "ISC",
      "dependencies": {
        "@jsplumb/browser-ui": "^5.7.1",
        "@jsplumb/core": "^5.7.1",
        "@jsplumb/util": "^5.7.1"
      }
    },
    "node_modules/@jsplumb/browser-ui": {
      "version": "5.7.1",
      "resolved": "https://registry.npmjs.org/@jsplumb/browser-ui/-/browser-ui-5.7.1.tgz",
      "integrity": "sha512-o5hq50I5LupTALEgpndvs5ZJKjOmLszs45D3xqPOFxPXgEYkDthWubMg41A5nbjzUdYss8I+WNF3HYQtin0jxg==",
      "dependencies": {
        "@jsplumb/core": "5.7.1"
      }
    },
    "node_modules/@jsplumb/common": {
      "version": "5.7.1",
      "resolved": "https://registry.npmjs.org/@jsplumb/common/-/common-5.7.1.tgz",
      "integrity": "sha512-DRrbigZllGCZC29W7THmTHq6iEM9xMQpRFn3h4QFwi00NVnrGpoqwigqMdC3VP+iXpk5vIeNk4xwYwJA7bY3pw==",
      "dependencies": {
        "@jsplumb/util": "5.7.1"
      }
    },
    "node_modules/@jsplumb/core": {
      "version": "5.7.1",
      "resolved": "https://registry.npmjs.org/@jsplumb/core/-/core-5.7.1.tgz",
      "integrity": "sha512-98zZ+Go7hoFWTu0yq/G8M6/dpfJ707ZNE4OiAQ9QphzKojVbApSnMwIzXw7MTi4a9Sxn5dtptoGrKqrfB+Y2og==",
      "dependencies": {
        "@jsplumb/common": "5.7.1"
      }
    },
    "node_modules/@jsplumb/util": {
      "version": "5.7.1",
      "resolved": "https://registry.npmjs.org/@jsplumb/util/-/util-5.7.1.tgz",
      "integrity": "sha512-8faVAaUynBf5tlU6xulhITCTbLGiuwCMAgdjZ4WgLCh40tvOjXLQLet+ZoY5nW5NI8cRm1NDheHP2CghMV8UXw=="
    }
  },
  "dependencies": {
    "@jsplumb/browser-ui": {
      "version": "5.7.1",
      "resolved": "https://registry.npmjs.org/@jsplumb/browser-ui/-/browser-ui-5.7.1.tgz",
      "integrity": "sha512-o5hq50I5LupTALEgpndvs5ZJKjOmLszs45D3xqPOFxPXgEYkDthWubMg41A5nbjzUdYss8I+WNF3HYQtin0jxg==",
      "requires": {
        "@jsplumb/core": "5.7.1"
      }
    },
    "@jsplumb/common": {
      "version": "5.7.1",
      "resolved": "https://registry.npmjs.org/@jsplumb/common/-/common-5.7.1.tgz",
      "integrity": "sha512-DRrbigZllGCZC29W7THmTHq6iEM9xMQpRFn3h4QFwi00NVnrGpoqwigqMdC3VP+iXpk5vIeNk4xwYwJA7bY3pw==",
      "requires": {
        "@jsplumb/util": "5.7.1"
      }
    },
    "@jsplumb/core": {
      "version": "5.7.1",
      "resolved": "https://registry.npmjs.org/@jsplumb/core/-/core-5.7.1.tgz",
      "integrity": "sha512-98zZ+Go7hoFWTu0yq/G8M6/dpfJ707ZNE4OiAQ9QphzKojVbApSnMwIzXw7MTi4a9Sxn5dtptoGrKqrfB+Y2og==",
      "requires": {
        "@jsplumb/common": "5.7.1"
      }
    },
    "@jsplumb/util": {
      "version": "5.7.1",
      "resolved": "https://registry.npmjs.org/@jsplumb/util/-/util-5.7.1.tgz",
      "integrity": "sha512-8faVAaUynBf5tlU6xulhITCTbLGiuwCMAgdjZ4WgLCh40tvOjXLQLet+ZoY5nW5NI8cRm1NDheHP2CghMV8UXw=="
    }
  }
}
